
Microsoft Visual Studio Solution File, Format Version 12.00
# Visual Studio Version 17
VisualStudioVersion = 17.6.33829.357
MinimumVisualStudioVersion = 10.0.40219.1
Project("{FAE04EC0-301F-11D3-BF4B-00C04F79EFBC}") = "ERestaurant", "ERestaurant.csproj", "{4A151C1F-56DD-4023-9F9D-947DD36E5F04}"
EndProject
Global
	GlobalSection(SolutionConfigurationPlatforms) = preSolution
		Debug|Any CPU = Debug|Any CPU
		Release|Any CPU = Release|Any CPU
	EndGlobalSection
	GlobalSection(ProjectConfigurationPlatforms) = postSolution
		{4A151C1F-56DD-4023-9F9D-947DD36E5F04}.Debug|Any CPU.ActiveCfg = Debug|Any CPU
		{4A151C1F-56DD-4023-9F9D-947DD36E5F04}.Debug|Any CPU.Build.0 = Debug|Any CPU
		{4A151C1F-56DD-4023-9F9D-947DD36E5F04}.Release|Any CPU.ActiveCfg = Release|Any CPU
		{4A151C1F-56DD-4023-9F9D-947DD36E5F04}.Release|Any CPU.Build.0 = Release|Any CPU
	EndGlobalSection
	GlobalSection(SolutionProperties) = preSolution
		HideSolutionNode = FALSE
	EndGlobalSection
	GlobalSection(ExtensibilityGlobals) = postSolution
		SolutionGuid = {79C32FD1-436B-429B-ACE0-CE1FFC5E01CA}
	EndGlobalSection
EndGlobal
